
Microsoft Visual Studio Solution File, Format Version 12.00
# Visual Studio Version 16
VisualStudioVersion = 16.0.30804.86
MinimumVisualStudioVersion = 10.0.40219.1
Project("{FAE04EC0-301F-11D3-BF4B-00C04F79EFBC}") = "GCD0704.AppDev", "GCD0704.AppDev\GCD0704.AppDev.csproj", "{2CCFDF40-7604-4A0E-8861-1AAE365DAFC2}"
EndProject
Global
	GlobalSection(SolutionConfigurationPlatforms) = preSolution
		Debug|Any CPU = Debug|Any CPU
		Release|Any CPU = Release|Any CPU
	EndGlobalSection
	GlobalSection(ProjectConfigurationPlatforms) = postSolution
		{2CCFDF40-7604-4A0E-8861-1AAE365DAFC2}.Debug|Any CPU.ActiveCfg = Debug|Any CPU
		{2CCFDF40-7604-4A0E-8861-1AAE365DAFC2}.Debug|Any CPU.Build.0 = Debug|Any CPU
		{2CCFDF40-7604-4A0E-8861-1AAE365DAFC2}.Release|Any CPU.ActiveCfg = Release|Any CPU
		{2CCFDF40-7604-4A0E-8861-1AAE365DAFC2}.Release|Any CPU.Build.0 = Release|Any CPU
	EndGlobalSection
	GlobalSection(SolutionProperties) = preSolution
		HideSolutionNode = FALSE
	EndGlobalSection
	GlobalSection(ExtensibilityGlobals) = postSolution
		SolutionGuid = {6F482DE8-9962-43A4-B8B5-A8362D87B2A9}
	EndGlobalSection
EndGlobal
